
Microsoft Visual Studio Solution File, Format Version 12.00
# Visual Studio Version 16
VisualStudioVersion = 16.0.31205.134
MinimumVisualStudioVersion = 10.0.40219.1
Project("{FAE04EC0-301F-11D3-BF4B-00C04F79EFBC}") = "DovizUygulamasi", "DovizUygulamasi.csproj", "{C14407F3-4481-406B-8A4B-0C34DB294782}"
EndProject
Global
	GlobalSection(SolutionConfigurationPlatforms) = preSolution
		Debug|Any CPU = Debug|Any CPU
		Release|Any CPU = Release|Any CPU
	EndGlobalSection
	GlobalSection(ProjectConfigurationPlatforms) = postSolution
		{C14407F3-4481-406B-8A4B-0C34DB294782}.Debug|Any CPU.ActiveCfg = Debug|Any CPU
		{C14407F3-4481-406B-8A4B-0C34DB294782}.Debug|Any CPU.Build.0 = Debug|Any CPU
		{C14407F3-4481-406B-8A4B-0C34DB294782}.Release|Any CPU.ActiveCfg = Release|Any CPU
		{C14407F3-4481-406B-8A4B-0C34DB294782}.Release|Any CPU.Build.0 = Release|Any CPU
	EndGlobalSection
	GlobalSection(SolutionProperties) = preSolution
		HideSolutionNode = FALSE
	EndGlobalSection
	GlobalSection(ExtensibilityGlobals) = postSolution
		SolutionGuid = {A1D4DACE-95A2-4D69-B3DB-89D0706D3862}
	EndGlobalSection
EndGlobal
